
Microsoft Visual Studio Solution File, Format Version 12.00
# Visual Studio Version 17
VisualStudioVersion = 17.8.34316.72
MinimumVisualStudioVersion = 10.0.40219.1
Project("{FAE04EC0-301F-11D3-BF4B-00C04F79EFBC}") = "BookStore", "BookStore\BookStore.csproj", "{CF6F9861-AC0E-4F6B-B26F-55C7E555BB05}"
EndProject
Project("{FAE04EC0-301F-11D3-BF4B-00C04F79EFBC}") = "BookStore.Contracts", "BookStore.Contracts\BookStore.Contracts.csproj", "{FDB9C8CF-6DAA-43FA-AA35-30CEFF26AE56}"
EndProject
Project("{FAE04EC0-301F-11D3-BF4B-00C04F79EFBC}") = "BookStore.Application", "BookStore.Application\BookStore.Application.csproj", "{F55BBB42-02AD-4C82-9110-7EDD185B4B7C}"
EndProject
Project("{FAE04EC0-301F-11D3-BF4B-00C04F79EFBC}") = "BookStore.Domain", "BookStore.Domain\BookStore.Domain.csproj", "{298AB797-9622-45B5-AFBE-0EAE28865CED}"
EndProject
Project("{FAE04EC0-301F-11D3-BF4B-00C04F79EFBC}") = "BookStore.EFCore", "BookStore.EFCore\BookStore.EFCore.csproj", "{A009DC19-5D1A-497E-A8DF-4F242B22B0C5}"
EndProject
Global
	GlobalSection(SolutionConfigurationPlatforms) = preSolution
		Debug|Any CPU = Debug|Any CPU
		Release|Any CPU = Release|Any CPU
	EndGlobalSection
	GlobalSection(ProjectConfigurationPlatforms) = postSolution
		{CF6F9861-AC0E-4F6B-B26F-55C7E555BB05}.Debug|Any CPU.ActiveCfg = Debug|Any CPU
		{CF6F9861-AC0E-4F6B-B26F-55C7E555BB05}.Debug|Any CPU.Build.0 = Debug|Any CPU
		{CF6F9861-AC0E-4F6B-B26F-55C7E555BB05}.Release|Any CPU.ActiveCfg = Release|Any CPU
		{CF6F9861-AC0E-4F6B-B26F-55C7E555BB05}.Release|Any CPU.Build.0 = Release|Any CPU
		{FDB9C8CF-6DAA-43FA-AA35-30CEFF26AE56}.Debug|Any CPU.ActiveCfg = Debug|Any CPU
		{FDB9C8CF-6DAA-43FA-AA35-30CEFF26AE56}.Debug|Any CPU.Build.0 = Debug|Any CPU
		{FDB9C8CF-6DAA-43FA-AA35-30CEFF26AE56}.Release|Any CPU.ActiveCfg = Release|Any CPU
		{FDB9C8CF-6DAA-43FA-AA35-30CEFF26AE56}.Release|Any CPU.Build.0 = Release|Any CPU
		{F55BBB42-02AD-4C82-9110-7EDD185B4B7C}.Debug|Any CPU.ActiveCfg = Debug|Any CPU
		{F55BBB42-02AD-4C82-9110-7EDD185B4B7C}.Debug|Any CPU.Build.0 = Debug|Any CPU
		{F55BBB42-02AD-4C82-9110-7EDD185B4B7C}.Release|Any CPU.ActiveCfg = Release|Any CPU
		{F55BBB42-02AD-4C82-9110-7EDD185B4B7C}.Release|Any CPU.Build.0 = Release|Any CPU
		{298AB797-9622-45B5-AFBE-0EAE28865CED}.Debug|Any CPU.ActiveCfg = Debug|Any CPU
		{298AB797-9622-45B5-AFBE-0EAE28865CED}.Debug|Any CPU.Build.0 = Debug|Any CPU
		{298AB797-9622-45B5-AFBE-0EAE28865CED}.Release|Any CPU.ActiveCfg = Release|Any CPU
		{298AB797-9622-45B5-AFBE-0EAE28865CED}.Release|Any CPU.Build.0 = Release|Any CPU
		{A009DC19-5D1A-497E-A8DF-4F242B22B0C5}.Debug|Any CPU.ActiveCfg = Debug|Any CPU
		{A009DC19-5D1A-497E-A8DF-4F242B22B0C5}.Debug|Any CPU.Build.0 = Debug|Any CPU
		{A009DC19-5D1A-497E-A8DF-4F242B22B0C5}.Release|Any CPU.ActiveCfg = Release|Any CPU
		{A009DC19-5D1A-497E-A8DF-4F242B22B0C5}.Release|Any CPU.Build.0 = Release|Any CPU
	EndGlobalSection
	GlobalSection(SolutionProperties) = preSolution
		HideSolutionNode = FALSE
	EndGlobalSection
	GlobalSection(ExtensibilityGlobals) = postSolution
		SolutionGuid = {355A9B4A-EB36-45D6-950E-3C04A0F9049D}
	EndGlobalSection
EndGlobal
